
Microsoft Visual Studio Solution File, Format Version 12.00
# Visual Studio Version 17
VisualStudioVersion = 17.6.33829.357
MinimumVisualStudioVersion = 10.0.40219.1
Project("{9A19103F-16F7-4668-BE54-9A1E7A4F7556}") = "ConsoleApp1", "ConsoleApp1\ConsoleApp1.csproj", "{91FAF1AF-BF56-42E2-9202-71FBCF2B9CAE}"
EndProject
Project("{9A19103F-16F7-4668-BE54-9A1E7A4F7556}") = "RecapDemo", "RecapDemo\RecapDemo.csproj", "{22F1E91F-06E9-489A-A331-40F107E77DA5}"
EndProject
Project("{9A19103F-16F7-4668-BE54-9A1E7A4F7556}") = "ConstructorInjection", "ConstructorInjection\ConstructorInjection.csproj", "{56528BFB-0BE7-47D2-9379-6BEF528E682A}"
EndProject
Project("{9A19103F-16F7-4668-BE54-9A1E7A4F7556}") = "BaseClassConstructor", "BaseClassConstructor\BaseClassConstructor.csproj", "{E64B79B3-398C-418D-8796-3258993D5A6D}"
EndProject
Project("{FAE04EC0-301F-11D3-BF4B-00C04F79EFBC}") = "Exceptions", "Exceptions\Exceptions.csproj", "{8EB0F01E-0093-4B97-ABF3-CA45916776EA}"
EndProject
Project("{FAE04EC0-301F-11D3-BF4B-00C04F79EFBC}") = "EntityFrameworkProject", "EntityFrameworkProject\EntityFrameworkProject.csproj", "{88D4C6E0-1ACD-4BB3-BF6A-CEB2904662F5}"
EndProject
Global
	GlobalSection(SolutionConfigurationPlatforms) = preSolution
		Debug|Any CPU = Debug|Any CPU
		Release|Any CPU = Release|Any CPU
	EndGlobalSection
	GlobalSection(ProjectConfigurationPlatforms) = postSolution
		{91FAF1AF-BF56-42E2-9202-71FBCF2B9CAE}.Debug|Any CPU.ActiveCfg = Debug|Any CPU
		{91FAF1AF-BF56-42E2-9202-71FBCF2B9CAE}.Debug|Any CPU.Build.0 = Debug|Any CPU
		{91FAF1AF-BF56-42E2-9202-71FBCF2B9CAE}.Release|Any CPU.ActiveCfg = Release|Any CPU
		{91FAF1AF-BF56-42E2-9202-71FBCF2B9CAE}.Release|Any CPU.Build.0 = Release|Any CPU
		{22F1E91F-06E9-489A-A331-40F107E77DA5}.Debug|Any CPU.ActiveCfg = Debug|Any CPU
		{22F1E91F-06E9-489A-A331-40F107E77DA5}.Debug|Any CPU.Build.0 = Debug|Any CPU
		{22F1E91F-06E9-489A-A331-40F107E77DA5}.Release|Any CPU.ActiveCfg = Release|Any CPU
		{22F1E91F-06E9-489A-A331-40F107E77DA5}.Release|Any CPU.Build.0 = Release|Any CPU
		{56528BFB-0BE7-47D2-9379-6BEF528E682A}.Debug|Any CPU.ActiveCfg = Debug|Any CPU
		{56528BFB-0BE7-47D2-9379-6BEF528E682A}.Debug|Any CPU.Build.0 = Debug|Any CPU
		{56528BFB-0BE7-47D2-9379-6BEF528E682A}.Release|Any CPU.ActiveCfg = Release|Any CPU
		{56528BFB-0BE7-47D2-9379-6BEF528E682A}.Release|Any CPU.Build.0 = Release|Any CPU
		{E64B79B3-398C-418D-8796-3258993D5A6D}.Debug|Any CPU.ActiveCfg = Debug|Any CPU
		{E64B79B3-398C-418D-8796-3258993D5A6D}.Debug|Any CPU.Build.0 = Debug|Any CPU
		{E64B79B3-398C-418D-8796-3258993D5A6D}.Release|Any CPU.ActiveCfg = Release|Any CPU
		{E64B79B3-398C-418D-8796-3258993D5A6D}.Release|Any CPU.Build.0 = Release|Any CPU
		{8EB0F01E-0093-4B97-ABF3-CA45916776EA}.Debug|Any CPU.ActiveCfg = Debug|Any CPU
		{8EB0F01E-0093-4B97-ABF3-CA45916776EA}.Debug|Any CPU.Build.0 = Debug|Any CPU
		{8EB0F01E-0093-4B97-ABF3-CA45916776EA}.Release|Any CPU.ActiveCfg = Release|Any CPU
		{8EB0F01E-0093-4B97-ABF3-CA45916776EA}.Release|Any CPU.Build.0 = Release|Any CPU
		{88D4C6E0-1ACD-4BB3-BF6A-CEB2904662F5}.Debug|Any CPU.ActiveCfg = Debug|Any CPU
		{88D4C6E0-1ACD-4BB3-BF6A-CEB2904662F5}.Debug|Any CPU.Build.0 = Debug|Any CPU
		{88D4C6E0-1ACD-4BB3-BF6A-CEB2904662F5}.Release|Any CPU.ActiveCfg = Release|Any CPU
		{88D4C6E0-1ACD-4BB3-BF6A-CEB2904662F5}.Release|Any CPU.Build.0 = Release|Any CPU
	EndGlobalSection
	GlobalSection(SolutionProperties) = preSolution
		HideSolutionNode = FALSE
	EndGlobalSection
	GlobalSection(ExtensibilityGlobals) = postSolution
		SolutionGuid = {21AB77C9-E607-49A6-9685-74BE532C0072}
	EndGlobalSection
EndGlobal
